
Microsoft Visual Studio Solution File, Format Version 12.00
# Visual Studio Version 17
VisualStudioVersion = 17.14.36414.22
MinimumVisualStudioVersion = 10.0.40219.1
Project("{FAE04EC0-301F-11D3-BF4B-00C04F79EFBC}") = "AppSettingsStudio", "AppSettingsStudio\AppSettingsStudio.csproj", "{8B005C5B-4D0F-44CC-98B8-BE1A4264E6CC}"
EndProject
Project("{FAE04EC0-301F-11D3-BF4B-00C04F79EFBC}") = "AppSettingsStudio.Configuration", "AppSettingsStudio.Configuration\AppSettingsStudio.Configuration.csproj", "{1666F0E7-0080-4C18-8BFC-98505B832456}"
EndProject
Project("{FAE04EC0-301F-11D3-BF4B-00C04F79EFBC}") = "Sample.ConsoleApp", "Sample.ConsoleApp\Sample.ConsoleApp.csproj", "{A42181EC-D84E-4EB3-B2A1-F2B074FF7A0C}"
EndProject
Global
	GlobalSection(SolutionConfigurationPlatforms) = preSolution
		Debug|Any CPU = Debug|Any CPU
		Release|Any CPU = Release|Any CPU
	EndGlobalSection
	GlobalSection(ProjectConfigurationPlatforms) = postSolution
		{8B005C5B-4D0F-44CC-98B8-BE1A4264E6CC}.Debug|Any CPU.ActiveCfg = Debug|Any CPU
		{8B005C5B-4D0F-44CC-98B8-BE1A4264E6CC}.Debug|Any CPU.Build.0 = Debug|Any CPU
		{8B005C5B-4D0F-44CC-98B8-BE1A4264E6CC}.Release|Any CPU.ActiveCfg = Release|Any CPU
		{8B005C5B-4D0F-44CC-98B8-BE1A4264E6CC}.Release|Any CPU.Build.0 = Release|Any CPU
		{1666F0E7-0080-4C18-8BFC-98505B832456}.Debug|Any CPU.ActiveCfg = Debug|Any CPU
		{1666F0E7-0080-4C18-8BFC-98505B832456}.Debug|Any CPU.Build.0 = Debug|Any CPU
		{1666F0E7-0080-4C18-8BFC-98505B832456}.Release|Any CPU.ActiveCfg = Release|Any CPU
		{1666F0E7-0080-4C18-8BFC-98505B832456}.Release|Any CPU.Build.0 = Release|Any CPU
		{A42181EC-D84E-4EB3-B2A1-F2B074FF7A0C}.Debug|Any CPU.ActiveCfg = Debug|Any CPU
		{A42181EC-D84E-4EB3-B2A1-F2B074FF7A0C}.Debug|Any CPU.Build.0 = Debug|Any CPU
		{A42181EC-D84E-4EB3-B2A1-F2B074FF7A0C}.Release|Any CPU.ActiveCfg = Release|Any CPU
		{A42181EC-D84E-4EB3-B2A1-F2B074FF7A0C}.Release|Any CPU.Build.0 = Release|Any CPU
	EndGlobalSection
	GlobalSection(SolutionProperties) = preSolution
		HideSolutionNode = FALSE
	EndGlobalSection
	GlobalSection(ExtensibilityGlobals) = postSolution
		SolutionGuid = {379655FD-75CA-4B34-8592-CCE153261E75}
	EndGlobalSection
EndGlobal
